{
  "name": "@bu0nq/style.scss.mixin.media-breakpoint",
  "version": "0.1.0",
  "lockfileVersion": 3,
  "requires": true,
  "packages": {
    "": {
      "name": "@bu0nq/style.scss.mixin.media-breakpoint",
      "version": "0.1.0",
      "license": "MIT",
      "dependencies": {
        "@bu0nq/style.scss.constant.breakpoint": "github:bu0nq/style.scss.constant.breakpoint",
        "@bu0nq/style.scss.function.rem": "github:bu0nq/style.scss.function.rem"
      }
    },
    "node_modules/@bu0nq/style.scss.constant.breakpoint": {
      "version": "0.1.0",
      "resolved": "git+ssh://git@github.com/bu0nq/style.scss.constant.breakpoint.git#50dcf2a62e7cb8c4bee7f1d5f873f430b68b88a2",
      "license": "MIT"
    },
    "node_modules/@bu0nq/style.scss.function.rem": {
      "version": "0.1.0",
      "resolved": "git+ssh://git@github.com/bu0nq/style.scss.function.rem.git#9800891e678b60dbaa69d818111a2a980147b52f",
      "license": "MIT"
    }
  }
}
